Microsoft Visual Studio Solution File, Format Version 12.00
# Visual Studio Version 17
VisualStudioVersion = 17.5.2.0
MinimumVisualStudioVersion = 10.0.40219.1
Project("{FAE04EC0-301F-11D3-BF4B-00C04F79EFBC}") = "MyFreshlyBakedMVCWebApp", "MyFreshlyBakedMVCWebApp.csproj", "{8D05A61F-A664-9DF7-EC1C-02544173BE57}"
EndProject
Global
	GlobalSection(SolutionConfigurationPlatforms) = preSolution
		Debug|Any CPU = Debug|Any CPU
		Release|Any CPU = Release|Any CPU
	EndGlobalSection
	GlobalSection(ProjectConfigurationPlatforms) = postSolution
		{8D05A61F-A664-9DF7-EC1C-02544173BE57}.Debug|Any CPU.ActiveCfg = Debug|Any CPU
		{8D05A61F-A664-9DF7-EC1C-02544173BE57}.Debug|Any CPU.Build.0 = Debug|Any CPU
		{8D05A61F-A664-9DF7-EC1C-02544173BE57}.Release|Any CPU.ActiveCfg = Release|Any CPU
		{8D05A61F-A664-9DF7-EC1C-02544173BE57}.Release|Any CPU.Build.0 = Release|Any CPU
	EndGlobalSection
	GlobalSection(SolutionProperties) = preSolution
		HideSolutionNode = FALSE
	EndGlobalSection
	GlobalSection(ExtensibilityGlobals) = postSolution
		SolutionGuid = {173E3E97-343C-4D55-A3B2-D1B62911BA59}
	EndGlobalSection
EndGlobal
